// !$*UTF8*$!
{
	archiveVersion = 1;
	classes = {
	};
	objectVersion = 51;
	objects = {

/* Begin PBXBuildFile section */
		A54DF2BF6FE84003EA48F064 /* Pods_ChatWithFireBase.framework in Frameworks */ = {isa = PBXBuildFile; fileRef = A4B7957BF3405850B7BCC954 /* Pods_ChatWithFireBase.framework */; };
		F430F0AC26F3B63B0004EC56 /* LaunchScreen.storyboard in Resources */ = {isa = PBXBuildFile; fileRef = F430F0AA26F3B63B0004EC56 /* LaunchScreen.storyboard */; };
		F430F0C526F3B8570004EC56 /* UIColor-Extension.swift in Sources */ = {isa = PBXBuildFile; fileRef = F430F0C426F3B8570004EC56 /* UIColor-Extension.swift */; };
		F430F0DD26F3BAAF0004EC56 /* ChatInputAccessoryView.xib in Resources */ = {isa = PBXBuildFile; fileRef = F430F0DB26F3BAAF0004EC56 /* ChatInputAccessoryView.xib */; };
		F430F0E326F3BADA0004EC56 /* SceneDelegate.swift in Sources */ = {isa = PBXBuildFile; fileRef = F430F0E226F3BADA0004EC56 /* SceneDelegate.swift */; };
		F430F0E626F3BB200004EC56 /* Assets.xcassets in Resources */ = {isa = PBXBuildFile; fileRef = F430F0E526F3BB200004EC56 /* Assets.xcassets */; };
		F4B9D90126F4A3B700A5CC90 /* ChatInputAccessoryView.swift in Sources */ = {isa = PBXBuildFile; fileRef = F4B9D90026F4A3B700A5CC90 /* ChatInputAccessoryView.swift */; };
		F4B9D90626F4A3D100A5CC90 /* ChatRoomViewController.swift in Sources */ = {isa = PBXBuildFile; fileRef = F4B9D90326F4A3D100A5CC90 /* ChatRoomViewController.swift */; };
		F4B9D90C26F4A3E100A5CC90 /* ChatList.storyboard in Resources */ = {isa = PBXBuildFile; fileRef = F4B9D90926F4A3E000A5CC90 /* ChatList.storyboard */; };
		F4B9D90D26F4A3E100A5CC90 /* ChatRoom.storyboard in Resources */ = {isa = PBXBuildFile; fileRef = F4B9D90A26F4A3E000A5CC90 /* ChatRoom.storyboard */; };
		F4B9D90F26F4A4AB00A5CC90 /* GoogleService-Info.plist in Resources */ = {isa = PBXBuildFile; fileRef = F4B9D90E26F4A4AB00A5CC90 /* GoogleService-Info.plist */; };
		F4B9D91326F5DD0200A5CC90 /* SignUp.storyboard in Resources */ = {isa = PBXBuildFile; fileRef = F4B9D91226F5DD0200A5CC90 /* SignUp.storyboard */; };
		F4B9D91826F5F38B00A5CC90 /* SignUpViewController.swift in Sources */ = {isa = PBXBuildFile; fileRef = F4B9D91726F5F38B00A5CC90 /* SignUpViewController.swift */; };
		F4B9D91C26F5F5E600A5CC90 /* UserListViewController.swift in Sources */ = {isa = PBXBuildFile; fileRef = F4B9D91B26F5F5E600A5CC90 /* UserListViewController.swift */; };
		F4B9D91E26F5FBC200A5CC90 /* ChatListViewController.swift in Sources */ = {isa = PBXBuildFile; fileRef = F4B9D91D26F5FBC200A5CC90 /* ChatListViewController.swift */; };
		F4B9D92226F6141200A5CC90 /* UserList.storyboard in Resources */ = {isa = PBXBuildFile; fileRef = F4B9D92126F6141200A5CC90 /* UserList.storyboard */; };
		F4B9D92526F6143900A5CC90 /* ChatRoom.swift in Sources */ = {isa = PBXBuildFile; fileRef = F4B9D92326F6143600A5CC90 /* ChatRoom.swift */; };
		F4B9D92626F6143900A5CC90 /* User.swift in Sources */ = {isa = PBXBuildFile; fileRef = F4B9D92426F6143900A5CC90 /* User.swift */; };
		F4BA18FB26F900980077903F /* Message.swift in Sources */ = {isa = PBXBuildFile; fileRef = F4BA18FA26F900980077903F /* Message.swift */; };
		F4BA190B26F908260077903F /* ChatRoomTableViewCell.xib in Resources */ = {isa = PBXBuildFile; fileRef = F4BA190A26F908260077903F /* ChatRoomTableViewCell.xib */; };
		F4BA190D26F908340077903F /* ChatRoomTableViewCell.swift in Sources */ = {isa = PBXBuildFile; fileRef = F4BA190C26F908340077903F /* ChatRoomTableViewCell.swift */; };
		F4BF314426FA3C4700B1920E /* Login.storyboard in Resources */ = {isa = PBXBuildFile; fileRef = F4BF314326FA3C4700B1920E /* Login.storyboard */; };
		F4BF314626FA3C5D00B1920E /* LoginViewController.swift in Sources */ = {isa = PBXBuildFile; fileRef = F4BF314526FA3C5D00B1920E /* LoginViewController.swift */; };
		F4F3DA2C26F4448F00C9CEFF /* AppDelegate.swift in Sources */ = {isa = PBXBuildFile; fileRef = F4F3DA2B26F4448F00C9CEFF /* AppDelegate.swift */; };
/* End PBXBuildFile section */

/* Begin PBXFileReference section */
		2201D4F46A5DC2AC6FBBA61A /* Pods-ChatWithFireBase.release.xcconfig */ = {isa = PBXFileReference; includeInIndex = 1; lastKnownFileType = text.xcconfig; name = "Pods-ChatWithFireBase.release.xcconfig"; path = "Target Support Files/Pods-ChatWithFireBase/Pods-ChatWithFireBase.release.xcconfig"; sourceTree = "<group>"; };
		9E87F9A483385D32137CE188 /* Pods-ChatWithFireBase.debug.xcconfig */ = {isa = PBXFileReference; includeInIndex = 1; lastKnownFileType = text.xcconfig; name = "Pods-ChatWithFireBase.debug.xcconfig"; path = "Target Support Files/Pods-ChatWithFireBase/Pods-ChatWithFireBase.debug.xcconfig"; sourceTree = "<group>"; };
		A4B7957BF3405850B7BCC954 /* Pods_ChatWithFireBase.framework */ = {isa = PBXFileReference; explicitFileType = wrapper.framework; includeInIndex = 0; path = Pods_ChatWithFireBase.framework; sourceTree = BUILT_PRODUCTS_DIR; };
		F430F09C26F3B6360004EC56 /* ChatWithFireBase.app */ = {isa = PBXFileReference; explicitFileType = wrapper.application; includeInIndex = 0; path = ChatWithFireBase.app; sourceTree = BUILT_PRODUCTS_DIR; };
		F430F0AB26F3B63B0004EC56 /* Base */ = {isa = PBXFileReference; lastKnownFileType = file.storyboard; name = Base; path = Base.lproj/LaunchScreen.storyboard; sourceTree = "<group>"; };
		F430F0AD26F3B63B0004EC56 /* Info.plist */ = {isa = PBXFileReference; lastKnownFileType = text.plist.xml; path = Info.plist; sourceTree = "<group>"; };
		F430F0C426F3B8570004EC56 /* UIColor-Extension.swift */ = {isa = PBXFileReference; fileEncoding = 4; lastKnownFileType = sourcecode.swift; path = "UIColor-Extension.swift"; sourceTree = "<group>"; };
		F430F0DB26F3BAAF0004EC56 /* ChatInputAccessoryView.xib */ = {isa = PBXFileReference; fileEncoding = 4; lastKnownFileType = file.xib; path = ChatInputAccessoryView.xib; sourceTree = "<group>"; };
		F430F0E226F3BADA0004EC56 /* SceneDelegate.swift */ = {isa = PBXFileReference; fileEncoding = 4; lastKnownFileType = sourcecode.swift; path = SceneDelegate.swift; sourceTree = "<group>"; };
		F430F0E526F3BB200004EC56 /* Assets.xcassets */ = {isa = PBXFileReference; lastKnownFileType = folder.assetcatalog; path = Assets.xcassets; sourceTree = "<group>"; };
		F4B9D90026F4A3B700A5CC90 /* ChatInputAccessoryView.swift */ = {isa = PBXFileReference; fileEncoding = 4; lastKnownFileType = sourcecode.swift; path = ChatInputAccessoryView.swift; sourceTree = "<group>"; };
		F4B9D90326F4A3D100A5CC90 /* ChatRoomViewController.swift */ = {isa = PBXFileReference; fileEncoding = 4; lastKnownFileType = sourcecode.swift; path = ChatRoomViewController.swift; sourceTree = "<group>"; };
		F4B9D90926F4A3E000A5CC90 /* ChatList.storyboard */ = {isa = PBXFileReference; fileEncoding = 4; lastKnownFileType = file.storyboard; path = ChatList.storyboard; sourceTree = "<group>"; };
		F4B9D90A26F4A3E000A5CC90 /* ChatRoom.storyboard */ = {isa = PBXFileReference; fileEncoding = 4; lastKnownFileType = file.storyboard; path = ChatRoom.storyboard; sourceTree = "<group>"; };
		F4B9D90E26F4A4AB00A5CC90 /* GoogleService-Info.plist */ = {isa = PBXFileReference; fileEncoding = 4; lastKnownFileType = text.plist.xml; path = "GoogleService-Info.plist"; sourceTree = "<group>"; };
		F4B9D91226F5DD0200A5CC90 /* SignUp.storyboard */ = {isa = PBXFileReference; fileEncoding = 4; lastKnownFileType = file.storyboard; path = SignUp.storyboard; sourceTree = "<group>"; };
		F4B9D91726F5F38B00A5CC90 /* SignUpViewController.swift */ = {isa = PBXFileReference; fileEncoding = 4; lastKnownFileType = sourcecode.swift; path = SignUpViewController.swift; sourceTree = "<group>"; };
		F4B9D91B26F5F5E600A5CC90 /* UserListViewController.swift */ = {isa = PBXFileReference; fileEncoding = 4; lastKnownFileType = sourcecode.swift; path = UserListViewController.swift; sourceTree = "<group>"; };
		F4B9D91D26F5FBC200A5CC90 /* ChatListViewController.swift */ = {isa = PBXFileReference; fileEncoding = 4; lastKnownFileType = sourcecode.swift; path = ChatListViewController.swift; sourceTree = "<group>"; };
		F4B9D92126F6141200A5CC90 /* UserList.storyboard */ = {isa = PBXFileReference; fileEncoding = 4; lastKnownFileType = file.storyboard; path = UserList.storyboard; sourceTree = "<group>"; };
		F4B9D92326F6143600A5CC90 /* ChatRoom.swift */ = {isa = PBXFileReference; fileEncoding = 4; lastKnownFileType = sourcecode.swift; path = ChatRoom.swift; sourceTree = "<group>"; };
		F4B9D92426F6143900A5CC90 /* User.swift */ = {isa = PBXFileReference; fileEncoding = 4; lastKnownFileType = sourcecode.swift; path = User.swift; sourceTree = "<group>"; };
		F4BA18FA26F900980077903F /* Message.swift */ = {isa = PBXFileReference; lastKnownFileType = sourcecode.swift; path = Message.swift; sourceTree = "<group>"; };
		F4BA190A26F908260077903F /* ChatRoomTableViewCell.xib */ = {isa = PBXFileReference; fileEncoding = 4; lastKnownFileType = file.xib; path = ChatRoomTableViewCell.xib; sourceTree = "<group>"; };
		F4BA190C26F908340077903F /* ChatRoomTableViewCell.swift */ = {isa = PBXFileReference; fileEncoding = 4; lastKnownFileType = sourcecode.swift; path = ChatRoomTableViewCell.swift; sourceTree = "<group>"; };
		F4BF314326FA3C4700B1920E /* Login.storyboard */ = {isa = PBXFileReference; fileEncoding = 4; lastKnownFileType = file.storyboard; name = Login.storyboard; path = ../../../../../../../Downloads/Ep15/StoryBoards/Login.storyboard; sourceTree = "<group>"; };
		F4BF314526FA3C5D00B1920E /* LoginViewController.swift */ = {isa = PBXFileReference; fileEncoding = 4; lastKnownFileType = sourcecode.swift; name = LoginViewController.swift; path = ../../../../../../../Downloads/Ep15/Controllers/LoginViewController.swift; sourceTree = "<group>"; };
		F4F3DA2B26F4448F00C9CEFF /* AppDelegate.swift */ = {isa = PBXFileReference; fileEncoding = 4; lastKnownFileType = sourcecode.swift; path = AppDelegate.swift; sourceTree = "<group>"; };
/* End PBXFileReference section */

/* Begin PBXFrameworksBuildPhase section */
		F430F09926F3B6360004EC56 /* Frameworks */ = {
			isa = PBXFrameworksBuildPhase;
			buildActionMask = 2147483647;
			files = (
				A54DF2BF6FE84003EA48F064 /* Pods_ChatWithFireBase.framework in Frameworks */,
			);
			runOnlyForDeploymentPostprocessing = 0;
		};
/* End PBXFrameworksBuildPhase section */

/* Begin PBXGroup section */
		5424ACB1E4075C4C7BE8E820 /* Frameworks */ = {
			isa = PBXGroup;
			children = (
				A4B7957BF3405850B7BCC954 /* Pods_ChatWithFireBase.framework */,
			);
			name = Frameworks;
			sourceTree = "<group>";
		};
		92BD6AEC8AC05537AB0A5B77 /* Pods */ = {
			isa = PBXGroup;
			children = (
				9E87F9A483385D32137CE188 /* Pods-ChatWithFireBase.debug.xcconfig */,
				2201D4F46A5DC2AC6FBBA61A /* Pods-ChatWithFireBase.release.xcconfig */,
			);
			path = Pods;
			sourceTree = "<group>";
		};
		F430F09326F3B6350004EC56 = {
			isa = PBXGroup;
			children = (
				F430F09E26F3B6360004EC56 /* ChatWithFireBase */,
				F4B9D90E26F4A4AB00A5CC90 /* GoogleService-Info.plist */,
				F430F09D26F3B6360004EC56 /* Products */,
				5424ACB1E4075C4C7BE8E820 /* Frameworks */,
				92BD6AEC8AC05537AB0A5B77 /* Pods */,
			);
			sourceTree = "<group>";
		};
		F430F09D26F3B6360004EC56 /* Products */ = {
			isa = PBXGroup;
			children = (
				F430F09C26F3B6360004EC56 /* ChatWithFireBase.app */,
			);
			name = Products;
			sourceTree = "<group>";
		};
		F430F09E26F3B6360004EC56 /* ChatWithFireBase */ = {
			isa = PBXGroup;
			children = (
				F4B9D91426F5EAE200A5CC90 /* Models */,
				F430F0E426F3BAF20004EC56 /* Extensions */,
				F430F0D426F3BA540004EC56 /* Views */,
				F430F0D926F3BAA10004EC56 /* Xibs */,
				F430F0C926F3B8860004EC56 /* StoryBoards */,
				F430F0C626F3B8860004EC56 /* Controllers */,
				F430F0E226F3BADA0004EC56 /* SceneDelegate.swift */,
				F4F3DA2B26F4448F00C9CEFF /* AppDelegate.swift */,
				F430F0AD26F3B63B0004EC56 /* Info.plist */,
				F430F0E526F3BB200004EC56 /* Assets.xcassets */,
				F430F0C326F3B8230004EC56 /* Base.lproj */,
			);
			path = ChatWithFireBase;
			sourceTree = "<group>";
		};
		F430F0C326F3B8230004EC56 /* Base.lproj */ = {
			isa = PBXGroup;
			children = (
				F430F0AA26F3B63B0004EC56 /* LaunchScreen.storyboard */,
			);
			path = Base.lproj;
			sourceTree = "<group>";
		};
		F430F0C626F3B8860004EC56 /* Controllers */ = {
			isa = PBXGroup;
			children = (
				F4B9D91D26F5FBC200A5CC90 /* ChatListViewController.swift */,
				F4BF314526FA3C5D00B1920E /* LoginViewController.swift */,
				F4B9D91B26F5F5E600A5CC90 /* UserListViewController.swift */,
				F4B9D91726F5F38B00A5CC90 /* SignUpViewController.swift */,
				F4B9D90326F4A3D100A5CC90 /* ChatRoomViewController.swift */,
			);
			path = Controllers;
			sourceTree = "<group>";
		};
		F430F0C926F3B8860004EC56 /* StoryBoards */ = {
			isa = PBXGroup;
			children = (
				F4BF314326FA3C4700B1920E /* Login.storyboard */,
				F4B9D92126F6141200A5CC90 /* UserList.storyboard */,
				F4B9D90926F4A3E000A5CC90 /* ChatList.storyboard */,
				F4B9D90A26F4A3E000A5CC90 /* ChatRoom.storyboard */,
				F4B9D91226F5DD0200A5CC90 /* SignUp.storyboard */,
			);
			path = StoryBoards;
			sourceTree = "<group>";
		};
		F430F0D426F3BA540004EC56 /* Views */ = {
			isa = PBXGroup;
			children = (
				F4BA190C26F908340077903F /* ChatRoomTableViewCell.swift */,
				F4B9D90026F4A3B700A5CC90 /* ChatInputAccessoryView.swift */,
			);
			path = Views;
			sourceTree = "<group>";
		};
		F430F0D926F3BAA10004EC56 /* Xibs */ = {
			isa = PBXGroup;
			children = (
				F4BA190A26F908260077903F /* ChatRoomTableViewCell.xib */,
				F430F0DB26F3BAAF0004EC56 /* ChatInputAccessoryView.xib */,
			);
			path = Xibs;
			sourceTree = "<group>";
		};
		F430F0E426F3BAF20004EC56 /* Extensions */ = {
			isa = PBXGroup;
			children = (
				F430F0C426F3B8570004EC56 /* UIColor-Extension.swift */,
			);
			path = Extensions;
			sourceTree = "<group>";
		};
		F4B9D91426F5EAE200A5CC90 /* Models */ = {
			isa = PBXGroup;
			children = (
				F4B9D92326F6143600A5CC90 /* ChatRoom.swift */,
				F4B9D92426F6143900A5CC90 /* User.swift */,
				F4BA18FA26F900980077903F /* Message.swift */,
			);
			path = Models;
			sourceTree = "<group>";
		};
/* End PBXGroup section */

/* Begin PBXNativeTarget section */
		F430F09B26F3B6360004EC56 /* ChatWithFireBase */ = {
			isa = PBXNativeTarget;
			buildConfigurationList = F430F0B026F3B63B0004EC56 /* Build configuration list for PBXNativeTarget "ChatWithFireBase" */;
			buildPhases = (
				F2EA09D4F05DAF4843F1E358 /* [CP] Check Pods Manifest.lock */,
				F430F09826F3B6360004EC56 /* Sources */,
				F430F09926F3B6360004EC56 /* Frameworks */,
				F430F09A26F3B6360004EC56 /* Resources */,
				9175BD59BE755DC40DD73553 /* [CP] Embed Pods Frameworks */,
			);
			buildRules = (
			);
			dependencies = (
			);
			name = ChatWithFireBase;
			productName = ChatWithFireBase;
			productReference = F430F09C26F3B6360004EC56 /* ChatWithFireBase.app */;
			productType = "com.apple.product-type.application";
		};
/* End PBXNativeTarget section */

/* Begin PBXProject section */
		F430F09426F3B6350004EC56 /* Project object */ = {
			isa = PBXProject;
			attributes = {
				LastSwiftUpdateCheck = 1250;
				LastUpgradeCheck = 1250;
				TargetAttributes = {
					F430F09B26F3B6360004EC56 = {
						CreatedOnToolsVersion = 12.5.1;
					};
				};
			};
			buildConfigurationList = F430F09726F3B6350004EC56 /* Build configuration list for PBXProject "ChatWithFireBase" */;
			compatibilityVersion = "Xcode 9.3";
			developmentRegion = en;
			hasScannedForEncodings = 0;
			knownRegions = (
				en,
				Base,
			);
			mainGroup = F430F09326F3B6350004EC56;
			productRefGroup = F430F09D26F3B6360004EC56 /* Products */;
			projectDirPath = "";
			projectRoot = "";
			targets = (
				F430F09B26F3B6360004EC56 /* ChatWithFireBase */,
			);
		};
/* End PBXProject section */

/* Begin PBXResourcesBuildPhase section */
		F430F09A26F3B6360004EC56 /* Resources */ = {
			isa = PBXResourcesBuildPhase;
			buildActionMask = 2147483647;
			files = (
				F4B9D92226F6141200A5CC90 /* UserList.storyboard in Resources */,
				F4B9D90F26F4A4AB00A5CC90 /* GoogleService-Info.plist in Resources */,
				F430F0AC26F3B63B0004EC56 /* LaunchScreen.storyboard in Resources */,
				F4B9D90C26F4A3E100A5CC90 /* ChatList.storyboard in Resources */,
				F430F0DD26F3BAAF0004EC56 /* ChatInputAccessoryView.xib in Resources */,
				F430F0E626F3BB200004EC56 /* Assets.xcassets in Resources */,
				F4B9D91326F5DD0200A5CC90 /* SignUp.storyboard in Resources */,
				F4BA190B26F908260077903F /* ChatRoomTableViewCell.xib in Resources */,
				F4B9D90D26F4A3E100A5CC90 /* ChatRoom.storyboard in Resources */,
				F4BF314426FA3C4700B1920E /* Login.storyboard in Resources */,
			);
			runOnlyForDeploymentPostprocessing = 0;
		};
/* End PBXResourcesBuildPhase section */

/* Begin PBXShellScriptBuildPhase section */
		9175BD59BE755DC40DD73553 /* [CP] Embed Pods Frameworks */ = {
			isa = PBXShellScriptBuildPhase;
			buildActionMask = 2147483647;
			files = (
			);
			inputFileListPaths = (
				"${PODS_ROOT}/Target Support Files/Pods-ChatWithFireBase/Pods-ChatWithFireBase-frameworks-${CONFIGURATION}-input-files.xcfilelist",
			);
			name = "[CP] Embed Pods Frameworks";
			outputFileListPaths = (
				"${PODS_ROOT}/Target Support Files/Pods-ChatWithFireBase/Pods-ChatWithFireBase-frameworks-${CONFIGURATION}-output-files.xcfilelist",
			);
			runOnlyForDeploymentPostprocessing = 0;
			shellPath = /bin/sh;
			shellScript = "\"${PODS_ROOT}/Target Support Files/Pods-ChatWithFireBase/Pods-ChatWithFireBase-frameworks.sh\"\n";
			showEnvVarsInLog = 0;
		};
		F2EA09D4F05DAF4843F1E358 /* [CP] Check Pods Manifest.lock */ = {
			isa = PBXShellScriptBuildPhase;
			buildActionMask = 2147483647;
			files = (
			);
			inputFileListPaths = (
			);
			inputPaths = (
				"${PODS_PODFILE_DIR_PATH}/Podfile.lock",
				"${PODS_ROOT}/Manifest.lock",
			);
			name = "[CP] Check Pods Manifest.lock";
			outputFileListPaths = (
			);
			outputPaths = (
				"$(DERIVED_FILE_DIR)/Pods-ChatWithFireBase-checkManifestLockResult.txt",
			);
			runOnlyForDeploymentPostprocessing = 0;
			shellPath = /bin/sh;
			shellScript = "diff \"${PODS_PODFILE_DIR_PATH}/Podfile.lock\" \"${PODS_ROOT}/Manifest.lock\" > /dev/null\nif [ $? != 0 ] ; then\n    # print error to STDERR\n    echo \"error: The sandbox is not in sync with the Podfile.lock. Run 'pod install' or update your CocoaPods installation.\" >&2\n    exit 1\nfi\n# This output is used by Xcode 'outputs' to avoid re-running this script phase.\necho \"SUCCESS\" > \"${SCRIPT_OUTPUT_FILE_0}\"\n";
			showEnvVarsInLog = 0;
		};
/* End PBXShellScriptBuildPhase section */

/* Begin PBXSourcesBuildPhase section */
		F430F09826F3B6360004EC56 /* Sources */ = {
			isa = PBXSourcesBuildPhase;
			buildActionMask = 2147483647;
			files = (
				F4B9D90626F4A3D100A5CC90 /* ChatRoomViewController.swift in Sources */,
				F430F0E326F3BADA0004EC56 /* SceneDelegate.swift in Sources */,
				F4B9D90126F4A3B700A5CC90 /* ChatInputAccessoryView.swift in Sources */,
				F430F0C526F3B8570004EC56 /* UIColor-Extension.swift in Sources */,
				F4B9D91E26F5FBC200A5CC90 /* ChatListViewController.swift in Sources */,
				F4B9D91C26F5F5E600A5CC90 /* UserListViewController.swift in Sources */,
				F4B9D91826F5F38B00A5CC90 /* SignUpViewController.swift in Sources */,
				F4F3DA2C26F4448F00C9CEFF /* AppDelegate.swift in Sources */,
				F4B9D92526F6143900A5CC90 /* ChatRoom.swift in Sources */,
				F4BA18FB26F900980077903F /* Message.swift in Sources */,
				F4BA190D26F908340077903F /* ChatRoomTableViewCell.swift in Sources */,
				F4BF314626FA3C5D00B1920E /* LoginViewController.swift in Sources */,
				F4B9D92626F6143900A5CC90 /* User.swift in Sources */,
			);
			runOnlyForDeploymentPostprocessing = 0;
		};
/* End PBXSourcesBuildPhase section */

/* Begin PBXVariantGroup section */
		F430F0AA26F3B63B0004EC56 /* LaunchScreen.storyboard */ = {
			isa = PBXVariantGroup;
			children = (
				F430F0AB26F3B63B0004EC56 /* Base */,
			);
			name = LaunchScreen.storyboard;
			sourceTree = "<group>";
		};
/* End PBXVariantGroup section */

/* Begin XCBuildConfiguration section */
		F430F0AE26F3B63B0004EC56 /* Debug */ = {
			isa = XCBuildConfiguration;
			buildSettings = {
				ALWAYS_SEARCH_USER_PATHS = NO;
				CLANG_ANALYZER_NONNULL = YES;
				CLANG_ANALYZER_NUMBER_OBJECT_CONVERSION = YES_AGGRESSIVE;
				CLANG_CXX_LANGUAGE_STANDARD = "gnu++14";
				CLANG_CXX_LIBRARY = "libc++";
				CLANG_ENABLE_MODULES = YES;
				CLANG_ENABLE_OBJC_ARC = YES;
				CLANG_ENABLE_OBJC_WEAK = YES;
				CLANG_WARN_BLOCK_CAPTURE_AUTORELEASING = YES;
				CLANG_WARN_BOOL_CONVERSION = YES;
				CLANG_WARN_COMMA = YES;
				CLANG_WARN_CONSTANT_CONVERSION = YES;
				CLANG_WARN_DEPRECATED_OBJC_IMPLEMENTATIONS = YES;
				CLANG_WARN_DIRECT_OBJC_ISA_USAGE = YES_ERROR;
				CLANG_WARN_DOCUMENTATION_COMMENTS = YES;
				CLANG_WARN_EMPTY_BODY = YES;
				CLANG_WARN_ENUM_CONVERSION = YES;
				CLANG_WARN_INFINITE_RECURSION = YES;
				CLANG_WARN_INT_CONVERSION = YES;
				CLANG_WARN_NON_LITERAL_NULL_CONVERSION = YES;
				CLANG_WARN_OBJC_IMPLICIT_RETAIN_SELF = YES;
				CLANG_WARN_OBJC_LITERAL_CONVERSION = YES;
				CLANG_WARN_OBJC_ROOT_CLASS = YES_ERROR;
				CLANG_WARN_QUOTED_INCLUDE_IN_FRAMEWORK_HEADER = YES;
				CLANG_WARN_RANGE_LOOP_ANALYSIS = YES;
				CLANG_WARN_STRICT_PROTOTYPES = YES;
				CLANG_WARN_SUSPICIOUS_MOVE = YES;
				CLANG_WARN_UNGUARDED_AVAILABILITY = YES_AGGRESSIVE;
				CLANG_WARN_UNREACHABLE_CODE = YES;
				CLANG_WARN__DUPLICATE_METHOD_MATCH = YES;
				COPY_PHASE_STRIP = NO;
				DEBUG_INFORMATION_FORMAT = dwarf;
				ENABLE_STRICT_OBJC_MSGSEND = YES;
				ENABLE_TESTABILITY = YES;
				GCC_C_LANGUAGE_STANDARD = gnu11;
				GCC_DYNAMIC_NO_PIC = NO;
				GCC_NO_COMMON_BLOCKS = YES;
				GCC_OPTIMIZATION_LEVEL = 0;
				GCC_PREPROCESSOR_DEFINITIONS = (
					"DEBUG=1",
					"$(inherited)",
				);
				GCC_WARN_64_TO_32_BIT_CONVERSION = YES;
				GCC_WARN_ABOUT_RETURN_TYPE = YES_ERROR;
				GCC_WARN_UNDECLARED_SELECTOR = YES;
				GCC_WARN_UNINITIALIZED_AUTOS = YES_AGGRESSIVE;
				GCC_WARN_UNUSED_FUNCTION = YES;
				GCC_WARN_UNUSED_VARIABLE = YES;
				IPHONEOS_DEPLOYMENT_TARGET = 14.5;
				MTL_ENABLE_DEBUG_INFO = INCLUDE_SOURCE;
				MTL_FAST_MATH = YES;
				ONLY_ACTIVE_ARCH = YES;
				SDKROOT = iphoneos;
				SWIFT_ACTIVE_COMPILATION_CONDITIONS = DEBUG;
				SWIFT_OPTIMIZATION_LEVEL = "-Onone";
			};
			name = Debug;
		};
		F430F0AF26F3B63B0004EC56 /* Release */ = {
			isa = XCBuildConfiguration;
			buildSettings = {
				ALWAYS_SEARCH_USER_PATHS = NO;
				CLANG_ANALYZER_NONNULL = YES;
				CLANG_ANALYZER_NUMBER_OBJECT_CONVERSION = YES_AGGRESSIVE;
				CLANG_CXX_LANGUAGE_STANDARD = "gnu++14";
				CLANG_CXX_LIBRARY = "libc++";
				CLANG_ENABLE_MODULES = YES;
				CLANG_ENABLE_OBJC_ARC = YES;
				CLANG_ENABLE_OBJC_WEAK = YES;
				CLANG_WARN_BLOCK_CAPTURE_AUTORELEASING = YES;
				CLANG_WARN_BOOL_CONVERSION = YES;
				CLANG_WARN_COMMA = YES;
				CLANG_WARN_CONSTANT_CONVERSION = YES;
				CLANG_WARN_DEPRECATED_OBJC_IMPLEMENTATIONS = YES;
				CLANG_WARN_DIRECT_OBJC_ISA_USAGE = YES_ERROR;
				CLANG_WARN_DOCUMENTATION_COMMENTS = YES;
				CLANG_WARN_EMPTY_BODY = YES;
				CLANG_WARN_ENUM_CONVERSION = YES;
				CLANG_WARN_INFINITE_RECURSION = YES;
				CLANG_WARN_INT_CONVERSION = YES;
				CLANG_WARN_NON_LITERAL_NULL_CONVERSION = YES;
				CLANG_WARN_OBJC_IMPLICIT_RETAIN_SELF = YES;
				CLANG_WARN_OBJC_LITERAL_CONVERSION = YES;
				CLANG_WARN_OBJC_ROOT_CLASS = YES_ERROR;
				CLANG_WARN_QUOTED_INCLUDE_IN_FRAMEWORK_HEADER = YES;
				CLANG_WARN_RANGE_LOOP_ANALYSIS = YES;
				CLANG_WARN_STRICT_PROTOTYPES = YES;
				CLANG_WARN_SUSPICIOUS_MOVE = YES;
				CLANG_WARN_UNGUARDED_AVAILABILITY = YES_AGGRESSIVE;
				CLANG_WARN_UNREACHABLE_CODE = YES;
				CLANG_WARN__DUPLICATE_METHOD_MATCH = YES;
				COPY_PHASE_STRIP = NO;
				DEBUG_INFORMATION_FORMAT = "dwarf-with-dsym";
				ENABLE_NS_ASSERTIONS = NO;
				ENABLE_STRICT_OBJC_MSGSEND = YES;
				GCC_C_LANGUAGE_STANDARD = gnu11;
				GCC_NO_COMMON_BLOCKS = YES;
				GCC_WARN_64_TO_32_BIT_CONVERSION = YES;
				GCC_WARN_ABOUT_RETURN_TYPE = YES_ERROR;
				GCC_WARN_UNDECLARED_SELECTOR = YES;
				GCC_WARN_UNINITIALIZED_AUTOS = YES_AGGRESSIVE;
				GCC_WARN_UNUSED_FUNCTION = YES;
				GCC_WARN_UNUSED_VARIABLE = YES;
				IPHONEOS_DEPLOYMENT_TARGET = 14.5;
				MTL_ENABLE_DEBUG_INFO = NO;
				MTL_FAST_MATH = YES;
				SDKROOT = iphoneos;
				SWIFT_COMPILATION_MODE = wholemodule;
				SWIFT_OPTIMIZATION_LEVEL = "-O";
				VALIDATE_PRODUCT = YES;
			};
			name = Release;
		};
		F430F0B126F3B63B0004EC56 /* Debug */ = {
			isa = XCBuildConfiguration;
			baseConfigurationReference = 9E87F9A483385D32137CE188 /* Pods-ChatWithFireBase.debug.xcconfig */;
			buildSettings = {
				ASSETCATALOG_COMPILER_APPICON_NAME = AppIcon;
				ASSETCATALOG_COMPILER_GLOBAL_ACCENT_COLOR_NAME = AccentColor;
				CODE_SIGN_STYLE = Automatic;
				CURRENT_PROJECT_VERSION = 1;
				DEVELOPMENT_TEAM = ZXM7QAKVU9;
				INFOPLIST_FILE = ChatWithFireBase/Info.plist;
				LD_RUNPATH_SEARCH_PATHS = (
					"$(inherited)",
					"@executable_path/Frameworks",
				);
				PRODUCT_BUNDLE_IDENTIFIER = com.itokawatakuto.ChatWithFireBase;
				PRODUCT_NAME = "$(TARGET_NAME)";
				SWIFT_VERSION = 5.0;
				TARGETED_DEVICE_FAMILY = "1,2";
			};
			name = Debug;
		};
		F430F0B226F3B63B0004EC56 /* Release */ = {
			isa = XCBuildConfiguration;
			baseConfigurationReference = 2201D4F46A5DC2AC6FBBA61A /* Pods-ChatWithFireBase.release.xcconfig */;
			buildSettings = {
				ASSETCATALOG_COMPILER_APPICON_NAME = AppIcon;
				ASSETCATALOG_COMPILER_GLOBAL_ACCENT_COLOR_NAME = AccentColor;
				CODE_SIGN_STYLE = Automatic;
				CURRENT_PROJECT_VERSION = 1;
				DEVELOPMENT_TEAM = ZXM7QAKVU9;
				INFOPLIST_FILE = ChatWithFireBase/Info.plist;
				LD_RUNPATH_SEARCH_PATHS = (
					"$(inherited)",
					"@executable_path/Frameworks",
				);
				PRODUCT_BUNDLE_IDENTIFIER = com.itokawatakuto.ChatWithFireBase;
				PRODUCT_NAME = "$(TARGET_NAME)";
				SWIFT_VERSION = 5.0;
				TARGETED_DEVICE_FAMILY = "1,2";
			};
			name = Release;
		};
/* End XCBuildConfiguration section */

/* Begin XCConfigurationList section */
		F430F09726F3B6350004EC56 /* Build configuration list for PBXProject "ChatWithFireBase" */ = {
			isa = XCConfigurationList;
			buildConfigurations = (
				F430F0AE26F3B63B0004EC56 /* Debug */,
				F430F0AF26F3B63B0004EC56 /* Release */,
			);
			defaultConfigurationIsVisible = 0;
			defaultConfigurationName = Release;
		};
		F430F0B026F3B63B0004EC56 /* Build configuration list for PBXNativeTarget "ChatWithFireBase" */ = {
			isa = XCConfigurationList;
			buildConfigurations = (
				F430F0B126F3B63B0004EC56 /* Debug */,
				F430F0B226F3B63B0004EC56 /* Release */,
			);
			defaultConfigurationIsVisible = 0;
			defaultConfigurationName = Release;
		};
/* End XCConfigurationList section */
	};
	rootObject = F430F09426F3B6350004EC56 /* Project object */;
}
